
Microsoft Visual Studio Solution File, Format Version 12.00
# Visual Studio 2013
VisualStudioVersion = 12.0.31101.0
MinimumVisualStudioVersion = 10.0.40219.1
Project("{FAE04EC0-301F-11D3-BF4B-00C04F79EFBC}") = "Agent.Web", "src\Agent.Web\Agent.Web.csproj", "{B15EB772-5642-43AC-8F80-20A8C9D1EE34}"
EndProject
Project("{2150E333-8FDC-42A3-9474-1A3956D46DE8}") = "dependencies", "dependencies", "{E44ADE17-1E0A-407D-A4AA-DE5593FDA934}"
	ProjectSection(SolutionItems) = preProject
		.nuget\NuGet.exe = .nuget\NuGet.exe
	EndProjectSection
EndProject
Project("{2150E333-8FDC-42A3-9474-1A3956D46DE8}") = "Solution Items", "Solution Items", "{2635A4C4-96BF-4C0F-99A2-B13ED9D9EC5E}"
	ProjectSection(SolutionItems) = preProject
		Gibraltar.Agent.Web.DotSettings = Gibraltar.Agent.Web.DotSettings
		LICENSE.txt = LICENSE.txt
		README.md = README.md
	EndProjectSection
EndProject
Global
	GlobalSection(SolutionConfigurationPlatforms) = preSolution
		Debug|Any CPU = Debug|Any CPU
		Release|Any CPU = Release|Any CPU
	EndGlobalSection
	GlobalSection(ProjectConfigurationPlatforms) = postSolution
		{B15EB772-5642-43AC-8F80-20A8C9D1EE34}.Debug|Any CPU.ActiveCfg = Debug|Any CPU
		{B15EB772-5642-43AC-8F80-20A8C9D1EE34}.Debug|Any CPU.Build.0 = Debug|Any CPU
		{B15EB772-5642-43AC-8F80-20A8C9D1EE34}.Release|Any CPU.ActiveCfg = Release|Any CPU
		{B15EB772-5642-43AC-8F80-20A8C9D1EE34}.Release|Any CPU.Build.0 = Release|Any CPU
	EndGlobalSection
	GlobalSection(SolutionProperties) = preSolution
		HideSolutionNode = FALSE
	EndGlobalSection
EndGlobal
